
Microsoft Visual Studio Solution File, Format Version 12.00
# Visual Studio Version 17
VisualStudioVersion = 17.5.33414.496
MinimumVisualStudioVersion = 10.0.40219.1
Project("{FAE04EC0-301F-11D3-BF4B-00C04F79EFBC}") = "Week2data", "Week2data.csproj", "{48C1B101-1DC7-4977-B707-F6463C1AC247}"
EndProject
Global
	GlobalSection(SolutionConfigurationPlatforms) = preSolution
		Debug|Any CPU = Debug|Any CPU
		Release|Any CPU = Release|Any CPU
	EndGlobalSection
	GlobalSection(ProjectConfigurationPlatforms) = postSolution
		{48C1B101-1DC7-4977-B707-F6463C1AC247}.Debug|Any CPU.ActiveCfg = Debug|Any CPU
		{48C1B101-1DC7-4977-B707-F6463C1AC247}.Debug|Any CPU.Build.0 = Debug|Any CPU
		{48C1B101-1DC7-4977-B707-F6463C1AC247}.Release|Any CPU.ActiveCfg = Release|Any CPU
		{48C1B101-1DC7-4977-B707-F6463C1AC247}.Release|Any CPU.Build.0 = Release|Any CPU
	EndGlobalSection
	GlobalSection(SolutionProperties) = preSolution
		HideSolutionNode = FALSE
	EndGlobalSection
	GlobalSection(ExtensibilityGlobals) = postSolution
		SolutionGuid = {12C9B268-BF45-45D8-BA66-A40CBB612E5B}
	EndGlobalSection
EndGlobal
